<?xml version="1.0" encoding="utf-8"?>
<Project ToolsVersion="4.0" xmlns="http://schemas.microsoft.com/developer/msbuild/2003">
  <ItemGroup>
    <ClInclude Include="eal.h" />
    <ClInclude Include="helper.h" />
    <ClInclude Include="net.h" />
    <ClInclude Include="ntfe.h" />
    <ClInclude Include="ntfeusr.h" />
    <ClInclude Include="ed25519\ed25519.h">
      <Filter>ed25519</Filter>
    </ClInclude>
    <ClInclude Include="ed25519\fe.h">
      <Filter>ed25519</Filter>
    </ClInclude>
    <ClInclude Include="ed25519\fixedint.h">
      <Filter>ed25519</Filter>
    </ClInclude>
    <ClInclude Include="ed25519\ge.h">
      <Filter>ed25519</Filter>
    </ClInclude>
    <ClInclude Include="ed25519\precomp_data.h">
      <Filter>ed25519</Filter>
    </ClInclude>
    <ClInclude Include="ed25519\sc.h">
      <Filter>ed25519</Filter>
    </ClInclude>
    <ClInclude Include="ed25519\sha512.h">
      <Filter>ed25519</Filter>
    </ClInclude>
    <ClInclude Include="xxhash\xxh_x86dispatch.h">
      <Filter>xxh</Filter>
    </ClInclude>
    <ClInclude Include="xxhash\xxh3.h">
      <Filter>xxh</Filter>
    </ClInclude>
    <ClInclude Include="xxhash\xxhash.h">
      <Filter>xxh</Filter>
    </ClInclude>
  </ItemGroup>
  <ItemGroup>
    <ClCompile Include="eal.cpp" />
    <ClCompile Include="helper.cpp" />
    <ClCompile Include="host.cpp" />
    <ClCompile Include="ntfe.cpp" />
    <ClCompile Include="test.cpp" />
    <ClCompile Include="ed25519\add_scalar.c">
      <Filter>ed25519</Filter>
    </ClCompile>
    <ClCompile Include="ed25519\fe.c">
      <Filter>ed25519</Filter>
    </ClCompile>
    <ClCompile Include="ed25519\ge.c">
      <Filter>ed25519</Filter>
    </ClCompile>
    <ClCompile Include="ed25519\sc.c">
      <Filter>ed25519</Filter>
    </ClCompile>
    <ClCompile Include="ed25519\sha512.c">
      <Filter>ed25519</Filter>
    </ClCompile>
    <ClCompile Include="ed25519\verify.c">
      <Filter>ed25519</Filter>
    </ClCompile>
    <ClCompile Include="ntfeusr.cpp" />
    <ClCompile Include="xxhash\xxh_x86dispatch.c">
      <Filter>xxh</Filter>
    </ClCompile>
    <ClCompile Include="xxhash\xxhash.c">
      <Filter>xxh</Filter>
    </ClCompile>
  </ItemGroup>
  <ItemGroup>
    <Filter Include="ed25519">
      <UniqueIdentifier>{c7fa8acd-28bb-400b-86d2-f2feee73248f}</UniqueIdentifier>
    </Filter>
    <Filter Include="xxh">
      <UniqueIdentifier>{6db76ee7-cb11-45e9-a6a1-93f9d0a74047}</UniqueIdentifier>
    </Filter>
  </ItemGroup>
  <ItemGroup>
    <Text Include="ed25519\license.txt">
      <Filter>ed25519</Filter>
    </Text>
  </ItemGroup>
</Project>