<?xml version="1.0" encoding="utf-8"?>
<Project ToolsVersion="4.0" xmlns="http://schemas.microsoft.com/developer/msbuild/2003">
  <ItemGroup>
    <ClInclude Include="config.h" />
    <ClInclude Include="..\ntfe\eal.h" />
    <ClInclude Include="..\ntfe\ed25519\ed25519.h">
      <Filter>ed25519</Filter>
    </ClInclude>
    <ClInclude Include="..\ntfe\ed25519\fe.h">
      <Filter>ed25519</Filter>
    </ClInclude>
    <ClInclude Include="..\ntfe\ed25519\fixedint.h">
      <Filter>ed25519</Filter>
    </ClInclude>
    <ClInclude Include="..\ntfe\ed25519\ge.h">
      <Filter>ed25519</Filter>
    </ClInclude>
    <ClInclude Include="..\ntfe\ed25519\precomp_data.h">
      <Filter>ed25519</Filter>
    </ClInclude>
    <ClInclude Include="..\ntfe\ed25519\sc.h">
      <Filter>ed25519</Filter>
    </ClInclude>
    <ClInclude Include="..\ntfe\ed25519\sha512.h">
      <Filter>ed25519</Filter>
    </ClInclude>
    <ClInclude Include="..\ntfe\helper.h">
      <Filter>ntfe</Filter>
    </ClInclude>
    <ClInclude Include="..\ntfe\ntfe.h">
      <Filter>ntfe</Filter>
    </ClInclude>
    <ClInclude Include="..\ntfe\net.h">
      <Filter>ntfe</Filter>
    </ClInclude>
    <ClInclude Include="..\ntfe\ntfeusr.h">
      <Filter>ntfe</Filter>
    </ClInclude>
    <ClInclude Include="shared.h" />
  </ItemGroup>
  <ItemGroup>
    <ClCompile Include="driver.cpp" />
    <ClCompile Include="eal.cpp" />
    <ClCompile Include="..\ntfe\ed25519\add_scalar.c">
      <Filter>ed25519</Filter>
    </ClCompile>
    <ClCompile Include="..\ntfe\ed25519\fe.c">
      <Filter>ed25519</Filter>
    </ClCompile>
    <ClCompile Include="..\ntfe\ed25519\ge.c">
      <Filter>ed25519</Filter>
    </ClCompile>
    <ClCompile Include="..\ntfe\ed25519\sc.c">
      <Filter>ed25519</Filter>
    </ClCompile>
    <ClCompile Include="..\ntfe\ed25519\sha512.c">
      <Filter>ed25519</Filter>
    </ClCompile>
    <ClCompile Include="..\ntfe\ed25519\verify.c">
      <Filter>ed25519</Filter>
    </ClCompile>
    <ClCompile Include="..\ntfe\helper.cpp">
      <Filter>ntfe</Filter>
    </ClCompile>
    <ClCompile Include="..\ntfe\host.cpp">
      <Filter>ntfe</Filter>
    </ClCompile>
    <ClCompile Include="..\ntfe\ntfe.cpp">
      <Filter>ntfe</Filter>
    </ClCompile>
  </ItemGroup>
  <ItemGroup>
    <Inf Include="ntfwkm.inf" />
  </ItemGroup>
  <ItemGroup>
    <Filter Include="ed25519">
      <UniqueIdentifier>{9343c1f4-bb12-4539-8418-bfc1146d6434}</UniqueIdentifier>
    </Filter>
    <Filter Include="ntfe">
      <UniqueIdentifier>{b5605d23-9b62-4099-b980-e4ab10c3e5db}</UniqueIdentifier>
    </Filter>
  </ItemGroup>
  <ItemGroup>
    <Text Include="..\ntfe\ed25519\license.txt">
      <Filter>ed25519</Filter>
    </Text>
  </ItemGroup>
</Project>